// !$*UTF8*$!
{
	archiveVersion = 1;
	classes = {
	};
	objectVersion = 56;
	objects = {

/* Begin PBXBuildFile section */
		4F51215D291CD5F200457BC1 /* AppStoreCloneApp.swift in Sources */ = {isa = PBXBuildFile; fileRef = 4F51215C291CD5F200457BC1 /* AppStoreCloneApp.swift */; };
		4F51215F291CD5F200457BC1 /* ContentView.swift in Sources */ = {isa = PBXBuildFile; fileRef = 4F51215E291CD5F200457BC1 /* ContentView.swift */; };
		4F512161291CD5F500457BC1 /* Assets.xcassets in Resources */ = {isa = PBXBuildFile; fileRef = 4F512160291CD5F500457BC1 /* Assets.xcassets */; };
		4F512164291CD5F500457BC1 /* Preview Assets.xcassets in Resources */ = {isa = PBXBuildFile; fileRef = 4F512163291CD5F500457BC1 /* Preview Assets.xcassets */; };
		4F51216E291CD5F500457BC1 /* AppStoreCloneTests.swift in Sources */ = {isa = PBXBuildFile; fileRef = 4F51216D291CD5F500457BC1 /* AppStoreCloneTests.swift */; };
		4F512178291CD5F500457BC1 /* AppStoreCloneUITests.swift in Sources */ = {isa = PBXBuildFile; fileRef = 4F512177291CD5F500457BC1 /* AppStoreCloneUITests.swift */; };
		4F51217A291CD5F500457BC1 /* AppStoreCloneUITestsLaunchTests.swift in Sources */ = {isa = PBXBuildFile; fileRef = 4F512179291CD5F500457BC1 /* AppStoreCloneUITestsLaunchTests.swift */; };
		4F51218B291CDA4700457BC1 /* TodayView.swift in Sources */ = {isa = PBXBuildFile; fileRef = 4F51218A291CDA4700457BC1 /* TodayView.swift */; };
		4F512192291CDBA400457BC1 /* GamesView.swift in Sources */ = {isa = PBXBuildFile; fileRef = 4F512191291CDBA400457BC1 /* GamesView.swift */; };
		4F512194291CDBBC00457BC1 /* AppsView.swift in Sources */ = {isa = PBXBuildFile; fileRef = 4F512193291CDBBC00457BC1 /* AppsView.swift */; };
		4F512196291CDBC300457BC1 /* ArcadeView.swift in Sources */ = {isa = PBXBuildFile; fileRef = 4F512195291CDBC300457BC1 /* ArcadeView.swift */; };
		4F512198291CDBD800457BC1 /* SearchView.swift in Sources */ = {isa = PBXBuildFile; fileRef = 4F512197291CDBD800457BC1 /* SearchView.swift */; };
/* End PBXBuildFile section */

/* Begin PBXContainerItemProxy section */
		4F51216A291CD5F500457BC1 /* PBXContainerItemProxy */ = {
			isa = PBXContainerItemProxy;
			containerPortal = 4F512151291CD5F200457BC1 /* Project object */;
			proxyType = 1;
			remoteGlobalIDString = 4F512158291CD5F200457BC1;
			remoteInfo = AppStoreClone;
		};
		4F512174291CD5F500457BC1 /* PBXContainerItemProxy */ = {
			isa = PBXContainerItemProxy;
			containerPortal = 4F512151291CD5F200457BC1 /* Project object */;
			proxyType = 1;
			remoteGlobalIDString = 4F512158291CD5F200457BC1;
			remoteInfo = AppStoreClone;
		};
/* End PBXContainerItemProxy section */

/* Begin PBXFileReference section */
		4F512159291CD5F200457BC1 /* AppStoreClone.app */ = {isa = PBXFileReference; explicitFileType = wrapper.application; includeInIndex = 0; path = AppStoreClone.app; sourceTree = BUILT_PRODUCTS_DIR; };
		4F51215C291CD5F200457BC1 /* AppStoreCloneApp.swift */ = {isa = PBXFileReference; lastKnownFileType = sourcecode.swift; path = AppStoreCloneApp.swift; sourceTree = "<group>"; };
		4F51215E291CD5F200457BC1 /* ContentView.swift */ = {isa = PBXFileReference; lastKnownFileType = sourcecode.swift; path = ContentView.swift; sourceTree = "<group>"; };
		4F512160291CD5F500457BC1 /* Assets.xcassets */ = {isa = PBXFileReference; lastKnownFileType = folder.assetcatalog; path = Assets.xcassets; sourceTree = "<group>"; };
		4F512163291CD5F500457BC1 /* Preview Assets.xcassets */ = {isa = PBXFileReference; lastKnownFileType = folder.assetcatalog; path = "Preview Assets.xcassets"; sourceTree = "<group>"; };
		4F512169291CD5F500457BC1 /* AppStoreCloneTests.xctest */ = {isa = PBXFileReference; explicitFileType = wrapper.cfbundle; includeInIndex = 0; path = AppStoreCloneTests.xctest; sourceTree = BUILT_PRODUCTS_DIR; };
		4F51216D291CD5F500457BC1 /* AppStoreCloneTests.swift */ = {isa = PBXFileReference; lastKnownFileType = sourcecode.swift; path = AppStoreCloneTests.swift; sourceTree = "<group>"; };
		4F512173291CD5F500457BC1 /* AppStoreCloneUITests.xctest */ = {isa = PBXFileReference; explicitFileType = wrapper.cfbundle; includeInIndex = 0; path = AppStoreCloneUITests.xctest; sourceTree = BUILT_PRODUCTS_DIR; };
		4F512177291CD5F500457BC1 /* AppStoreCloneUITests.swift */ = {isa = PBXFileReference; lastKnownFileType = sourcecode.swift; path = AppStoreCloneUITests.swift; sourceTree = "<group>"; };
		4F512179291CD5F500457BC1 /* AppStoreCloneUITestsLaunchTests.swift */ = {isa = PBXFileReference; lastKnownFileType = sourcecode.swift; path = AppStoreCloneUITestsLaunchTests.swift; sourceTree = "<group>"; };
		4F51218A291CDA4700457BC1 /* TodayView.swift */ = {isa = PBXFileReference; lastKnownFileType = sourcecode.swift; path = TodayView.swift; sourceTree = "<group>"; };
		4F512191291CDBA400457BC1 /* GamesView.swift */ = {isa = PBXFileReference; lastKnownFileType = sourcecode.swift; path = GamesView.swift; sourceTree = "<group>"; };
		4F512193291CDBBC00457BC1 /* AppsView.swift */ = {isa = PBXFileReference; lastKnownFileType = sourcecode.swift; path = AppsView.swift; sourceTree = "<group>"; };
		4F512195291CDBC300457BC1 /* ArcadeView.swift */ = {isa = PBXFileReference; lastKnownFileType = sourcecode.swift; path = ArcadeView.swift; sourceTree = "<group>"; };
		4F512197291CDBD800457BC1 /* SearchView.swift */ = {isa = PBXFileReference; lastKnownFileType = sourcecode.swift; path = SearchView.swift; sourceTree = "<group>"; };
/* End PBXFileReference section */

/* Begin PBXFrameworksBuildPhase section */
		4F512156291CD5F200457BC1 /* Frameworks */ = {
			isa = PBXFrameworksBuildPhase;
			buildActionMask = 2147483647;
			files = (
			);
			runOnlyForDeploymentPostprocessing = 0;
		};
		4F512166291CD5F500457BC1 /* Frameworks */ = {
			isa = PBXFrameworksBuildPhase;
			buildActionMask = 2147483647;
			files = (
			);
			runOnlyForDeploymentPostprocessing = 0;
		};
		4F512170291CD5F500457BC1 /* Frameworks */ = {
			isa = PBXFrameworksBuildPhase;
			buildActionMask = 2147483647;
			files = (
			);
			runOnlyForDeploymentPostprocessing = 0;
		};
/* End PBXFrameworksBuildPhase section */

/* Begin PBXGroup section */
		4F512150291CD5F200457BC1 = {
			isa = PBXGroup;
			children = (
				4F51215B291CD5F200457BC1 /* AppStoreClone */,
				4F51216C291CD5F500457BC1 /* AppStoreCloneTests */,
				4F512176291CD5F500457BC1 /* AppStoreCloneUITests */,
				4F51215A291CD5F200457BC1 /* Products */,
			);
			sourceTree = "<group>";
		};
		4F51215A291CD5F200457BC1 /* Products */ = {
			isa = PBXGroup;
			children = (
				4F512159291CD5F200457BC1 /* AppStoreClone.app */,
				4F512169291CD5F500457BC1 /* AppStoreCloneTests.xctest */,
				4F512173291CD5F500457BC1 /* AppStoreCloneUITests.xctest */,
			);
			name = Products;
			sourceTree = "<group>";
		};
		4F51215B291CD5F200457BC1 /* AppStoreClone */ = {
			isa = PBXGroup;
			children = (
				4F512188291CD60500457BC1 /* Resources */,
				4F512187291CD5FE00457BC1 /* Models */,
				4F512186291CD5FC00457BC1 /* Views */,
				4F51215C291CD5F200457BC1 /* AppStoreCloneApp.swift */,
				4F512162291CD5F500457BC1 /* Preview Content */,
			);
			path = AppStoreClone;
			sourceTree = "<group>";
		};
		4F512162291CD5F500457BC1 /* Preview Content */ = {
			isa = PBXGroup;
			children = (
				4F512163291CD5F500457BC1 /* Preview Assets.xcassets */,
			);
			path = "Preview Content";
			sourceTree = "<group>";
		};
		4F51216C291CD5F500457BC1 /* AppStoreCloneTests */ = {
			isa = PBXGroup;
			children = (
				4F51216D291CD5F500457BC1 /* AppStoreCloneTests.swift */,
			);
			path = AppStoreCloneTests;
			sourceTree = "<group>";
		};
		4F512176291CD5F500457BC1 /* AppStoreCloneUITests */ = {
			isa = PBXGroup;
			children = (
				4F512177291CD5F500457BC1 /* AppStoreCloneUITests.swift */,
				4F512179291CD5F500457BC1 /* AppStoreCloneUITestsLaunchTests.swift */,
			);
			path = AppStoreCloneUITests;
			sourceTree = "<group>";
		};
		4F512186291CD5FC00457BC1 /* Views */ = {
			isa = PBXGroup;
			children = (
				4F51218F291CDA6800457BC1 /* Search */,
				4F51218E291CDA6400457BC1 /* Arcade */,
				4F51218D291CDA6100457BC1 /* Apps */,
				4F51218C291CDA5800457BC1 /* Games */,
				4F512189291CDA3D00457BC1 /* Today */,
				4F51215E291CD5F200457BC1 /* ContentView.swift */,
			);
			path = Views;
			sourceTree = "<group>";
		};
		4F512187291CD5FE00457BC1 /* Models */ = {
			isa = PBXGroup;
			children = (
			);
			path = Models;
			sourceTree = "<group>";
		};
		4F512188291CD60500457BC1 /* Resources */ = {
			isa = PBXGroup;
			children = (
				4F512160291CD5F500457BC1 /* Assets.xcassets */,
			);
			path = Resources;
			sourceTree = "<group>";
		};
		4F512189291CDA3D00457BC1 /* Today */ = {
			isa = PBXGroup;
			children = (
				4F51218A291CDA4700457BC1 /* TodayView.swift */,
			);
			path = Today;
			sourceTree = "<group>";
		};
		4F51218C291CDA5800457BC1 /* Games */ = {
			isa = PBXGroup;
			children = (
				4F512191291CDBA400457BC1 /* GamesView.swift */,
			);
			path = Games;
			sourceTree = "<group>";
		};
		4F51218D291CDA6100457BC1 /* Apps */ = {
			isa = PBXGroup;
			children = (
				4F512193291CDBBC00457BC1 /* AppsView.swift */,
			);
			path = Apps;
			sourceTree = "<group>";
		};
		4F51218E291CDA6400457BC1 /* Arcade */ = {
			isa = PBXGroup;
			children = (
				4F512195291CDBC300457BC1 /* ArcadeView.swift */,
			);
			path = Arcade;
			sourceTree = "<group>";
		};
		4F51218F291CDA6800457BC1 /* Search */ = {
			isa = PBXGroup;
			children = (
				4F512197291CDBD800457BC1 /* SearchView.swift */,
			);
			path = Search;
			sourceTree = "<group>";
		};
/* End PBXGroup section */

/* Begin PBXNativeTarget section */
		4F512158291CD5F200457BC1 /* AppStoreClone */ = {
			isa = PBXNativeTarget;
			buildConfigurationList = 4F51217D291CD5F500457BC1 /* Build configuration list for PBXNativeTarget "AppStoreClone" */;
			buildPhases = (
				4F512155291CD5F200457BC1 /* Sources */,
				4F512156291CD5F200457BC1 /* Frameworks */,
				4F512157291CD5F200457BC1 /* Resources */,
			);
			buildRules = (
			);
			dependencies = (
			);
			name = AppStoreClone;
			productName = AppStoreClone;
			productReference = 4F512159291CD5F200457BC1 /* AppStoreClone.app */;
			productType = "com.apple.product-type.application";
		};
		4F512168291CD5F500457BC1 /* AppStoreCloneTests */ = {
			isa = PBXNativeTarget;
			buildConfigurationList = 4F512180291CD5F500457BC1 /* Build configuration list for PBXNativeTarget "AppStoreCloneTests" */;
			buildPhases = (
				4F512165291CD5F500457BC1 /* Sources */,
				4F512166291CD5F500457BC1 /* Frameworks */,
				4F512167291CD5F500457BC1 /* Resources */,
			);
			buildRules = (
			);
			dependencies = (
				4F51216B291CD5F500457BC1 /* PBXTargetDependency */,
			);
			name = AppStoreCloneTests;
			productName = AppStoreCloneTests;
			productReference = 4F512169291CD5F500457BC1 /* AppStoreCloneTests.xctest */;
			productType = "com.apple.product-type.bundle.unit-test";
		};
		4F512172291CD5F500457BC1 /* AppStoreCloneUITests */ = {
			isa = PBXNativeTarget;
			buildConfigurationList = 4F512183291CD5F500457BC1 /* Build configuration list for PBXNativeTarget "AppStoreCloneUITests" */;
			buildPhases = (
				4F51216F291CD5F500457BC1 /* Sources */,
				4F512170291CD5F500457BC1 /* Frameworks */,
				4F512171291CD5F500457BC1 /* Resources */,
			);
			buildRules = (
			);
			dependencies = (
				4F512175291CD5F500457BC1 /* PBXTargetDependency */,
			);
			name = AppStoreCloneUITests;
			productName = AppStoreCloneUITests;
			productReference = 4F512173291CD5F500457BC1 /* AppStoreCloneUITests.xctest */;
			productType = "com.apple.product-type.bundle.ui-testing";
		};
/* End PBXNativeTarget section */

/* Begin PBXProject section */
		4F512151291CD5F200457BC1 /* Project object */ = {
			isa = PBXProject;
			attributes = {
				BuildIndependentTargetsInParallel = 1;
				LastSwiftUpdateCheck = 1400;
				LastUpgradeCheck = 1400;
				TargetAttributes = {
					4F512158291CD5F200457BC1 = {
						CreatedOnToolsVersion = 14.0.1;
					};
					4F512168291CD5F500457BC1 = {
						CreatedOnToolsVersion = 14.0.1;
						TestTargetID = 4F512158291CD5F200457BC1;
					};
					4F512172291CD5F500457BC1 = {
						CreatedOnToolsVersion = 14.0.1;
						TestTargetID = 4F512158291CD5F200457BC1;
					};
				};
			};
			buildConfigurationList = 4F512154291CD5F200457BC1 /* Build configuration list for PBXProject "AppStoreClone" */;
			compatibilityVersion = "Xcode 14.0";
			developmentRegion = en;
			hasScannedForEncodings = 0;
			knownRegions = (
				en,
				Base,
			);
			mainGroup = 4F512150291CD5F200457BC1;
			productRefGroup = 4F51215A291CD5F200457BC1 /* Products */;
			projectDirPath = "";
			projectRoot = "";
			targets = (
				4F512158291CD5F200457BC1 /* AppStoreClone */,
				4F512168291CD5F500457BC1 /* AppStoreCloneTests */,
				4F512172291CD5F500457BC1 /* AppStoreCloneUITests */,
			);
		};
/* End PBXProject section */

/* Begin PBXResourcesBuildPhase section */
		4F512157291CD5F200457BC1 /* Resources */ = {
			isa = PBXResourcesBuildPhase;
			buildActionMask = 2147483647;
			files = (
				4F512164291CD5F500457BC1 /* Preview Assets.xcassets in Resources */,
				4F512161291CD5F500457BC1 /* Assets.xcassets in Resources */,
			);
			runOnlyForDeploymentPostprocessing = 0;
		};
		4F512167291CD5F500457BC1 /* Resources */ = {
			isa = PBXResourcesBuildPhase;
			buildActionMask = 2147483647;
			files = (
			);
			runOnlyForDeploymentPostprocessing = 0;
		};
		4F512171291CD5F500457BC1 /* Resources */ = {
			isa = PBXResourcesBuildPhase;
			buildActionMask = 2147483647;
			files = (
			);
			runOnlyForDeploymentPostprocessing = 0;
		};
/* End PBXResourcesBuildPhase section */

/* Begin PBXSourcesBuildPhase section */
		4F512155291CD5F200457BC1 /* Sources */ = {
			isa = PBXSourcesBuildPhase;
			buildActionMask = 2147483647;
			files = (
				4F51215F291CD5F200457BC1 /* ContentView.swift in Sources */,
				4F51218B291CDA4700457BC1 /* TodayView.swift in Sources */,
				4F512196291CDBC300457BC1 /* ArcadeView.swift in Sources */,
				4F512198291CDBD800457BC1 /* SearchView.swift in Sources */,
				4F512192291CDBA400457BC1 /* GamesView.swift in Sources */,
				4F512194291CDBBC00457BC1 /* AppsView.swift in Sources */,
				4F51215D291CD5F200457BC1 /* AppStoreCloneApp.swift in Sources */,
			);
			runOnlyForDeploymentPostprocessing = 0;
		};
		4F512165291CD5F500457BC1 /* Sources */ = {
			isa = PBXSourcesBuildPhase;
			buildActionMask = 2147483647;
			files = (
				4F51216E291CD5F500457BC1 /* AppStoreCloneTests.swift in Sources */,
			);
			runOnlyForDeploymentPostprocessing = 0;
		};
		4F51216F291CD5F500457BC1 /* Sources */ = {
			isa = PBXSourcesBuildPhase;
			buildActionMask = 2147483647;
			files = (
				4F51217A291CD5F500457BC1 /* AppStoreCloneUITestsLaunchTests.swift in Sources */,
				4F512178291CD5F500457BC1 /* AppStoreCloneUITests.swift in Sources */,
			);
			runOnlyForDeploymentPostprocessing = 0;
		};
/* End PBXSourcesBuildPhase section */

/* Begin PBXTargetDependency section */
		4F51216B291CD5F500457BC1 /* PBXTargetDependency */ = {
			isa = PBXTargetDependency;
			target = 4F512158291CD5F200457BC1 /* AppStoreClone */;
			targetProxy = 4F51216A291CD5F500457BC1 /* PBXContainerItemProxy */;
		};
		4F512175291CD5F500457BC1 /* PBXTargetDependency */ = {
			isa = PBXTargetDependency;
			target = 4F512158291CD5F200457BC1 /* AppStoreClone */;
			targetProxy = 4F512174291CD5F500457BC1 /* PBXContainerItemProxy */;
		};
/* End PBXTargetDependency section */

/* Begin XCBuildConfiguration section */
		4F51217B291CD5F500457BC1 /* Debug */ = {
			isa = XCBuildConfiguration;
			buildSettings = {
				ALWAYS_SEARCH_USER_PATHS = NO;
				CLANG_ANALYZER_NONNULL = YES;
				CLANG_ANALYZER_NUMBER_OBJECT_CONVERSION = YES_AGGRESSIVE;
				CLANG_CXX_LANGUAGE_STANDARD = "gnu++20";
				CLANG_ENABLE_MODULES = YES;
				CLANG_ENABLE_OBJC_ARC = YES;
				CLANG_ENABLE_OBJC_WEAK = YES;
				CLANG_WARN_BLOCK_CAPTURE_AUTORELEASING = YES;
				CLANG_WARN_BOOL_CONVERSION = YES;
				CLANG_WARN_COMMA = YES;
				CLANG_WARN_CONSTANT_CONVERSION = YES;
				CLANG_WARN_DEPRECATED_OBJC_IMPLEMENTATIONS = YES;
				CLANG_WARN_DIRECT_OBJC_ISA_USAGE = YES_ERROR;
				CLANG_WARN_DOCUMENTATION_COMMENTS = YES;
				CLANG_WARN_EMPTY_BODY = YES;
				CLANG_WARN_ENUM_CONVERSION = YES;
				CLANG_WARN_INFINITE_RECURSION = YES;
				CLANG_WARN_INT_CONVERSION = YES;
				CLANG_WARN_NON_LITERAL_NULL_CONVERSION = YES;
				CLANG_WARN_OBJC_IMPLICIT_RETAIN_SELF = YES;
				CLANG_WARN_OBJC_LITERAL_CONVERSION = YES;
				CLANG_WARN_OBJC_ROOT_CLASS = YES_ERROR;
				CLANG_WARN_QUOTED_INCLUDE_IN_FRAMEWORK_HEADER = YES;
				CLANG_WARN_RANGE_LOOP_ANALYSIS = YES;
				CLANG_WARN_STRICT_PROTOTYPES = YES;
				CLANG_WARN_SUSPICIOUS_MOVE = YES;
				CLANG_WARN_UNGUARDED_AVAILABILITY = YES_AGGRESSIVE;
				CLANG_WARN_UNREACHABLE_CODE = YES;
				CLANG_WARN__DUPLICATE_METHOD_MATCH = YES;
				COPY_PHASE_STRIP = NO;
				DEBUG_INFORMATION_FORMAT = dwarf;
				ENABLE_STRICT_OBJC_MSGSEND = YES;
				ENABLE_TESTABILITY = YES;
				GCC_C_LANGUAGE_STANDARD = gnu11;
				GCC_DYNAMIC_NO_PIC = NO;
				GCC_NO_COMMON_BLOCKS = YES;
				GCC_OPTIMIZATION_LEVEL = 0;
				GCC_PREPROCESSOR_DEFINITIONS = (
					"DEBUG=1",
					"$(inherited)",
				);
				GCC_WARN_64_TO_32_BIT_CONVERSION = YES;
				GCC_WARN_ABOUT_RETURN_TYPE = YES_ERROR;
				GCC_WARN_UNDECLARED_SELECTOR = YES;
				GCC_WARN_UNINITIALIZED_AUTOS = YES_AGGRESSIVE;
				GCC_WARN_UNUSED_FUNCTION = YES;
				GCC_WARN_UNUSED_VARIABLE = YES;
				IPHONEOS_DEPLOYMENT_TARGET = 16.0;
				MTL_ENABLE_DEBUG_INFO = INCLUDE_SOURCE;
				MTL_FAST_MATH = YES;
				ONLY_ACTIVE_ARCH = YES;
				SDKROOT = iphoneos;
				SWIFT_ACTIVE_COMPILATION_CONDITIONS = DEBUG;
				SWIFT_OPTIMIZATION_LEVEL = "-Onone";
			};
			name = Debug;
		};
		4F51217C291CD5F500457BC1 /* Release */ = {
			isa = XCBuildConfiguration;
			buildSettings = {
				ALWAYS_SEARCH_USER_PATHS = NO;
				CLANG_ANALYZER_NONNULL = YES;
				CLANG_ANALYZER_NUMBER_OBJECT_CONVERSION = YES_AGGRESSIVE;
				CLANG_CXX_LANGUAGE_STANDARD = "gnu++20";
				CLANG_ENABLE_MODULES = YES;
				CLANG_ENABLE_OBJC_ARC = YES;
				CLANG_ENABLE_OBJC_WEAK = YES;
				CLANG_WARN_BLOCK_CAPTURE_AUTORELEASING = YES;
				CLANG_WARN_BOOL_CONVERSION = YES;
				CLANG_WARN_COMMA = YES;
				CLANG_WARN_CONSTANT_CONVERSION = YES;
				CLANG_WARN_DEPRECATED_OBJC_IMPLEMENTATIONS = YES;
				CLANG_WARN_DIRECT_OBJC_ISA_USAGE = YES_ERROR;
				CLANG_WARN_DOCUMENTATION_COMMENTS = YES;
				CLANG_WARN_EMPTY_BODY = YES;
				CLANG_WARN_ENUM_CONVERSION = YES;
				CLANG_WARN_INFINITE_RECURSION = YES;
				CLANG_WARN_INT_CONVERSION = YES;
				CLANG_WARN_NON_LITERAL_NULL_CONVERSION = YES;
				CLANG_WARN_OBJC_IMPLICIT_RETAIN_SELF = YES;
				CLANG_WARN_OBJC_LITERAL_CONVERSION = YES;
				CLANG_WARN_OBJC_ROOT_CLASS = YES_ERROR;
				CLANG_WARN_QUOTED_INCLUDE_IN_FRAMEWORK_HEADER = YES;
				CLANG_WARN_RANGE_LOOP_ANALYSIS = YES;
				CLANG_WARN_STRICT_PROTOTYPES = YES;
				CLANG_WARN_SUSPICIOUS_MOVE = YES;
				CLANG_WARN_UNGUARDED_AVAILABILITY = YES_AGGRESSIVE;
				CLANG_WARN_UNREACHABLE_CODE = YES;
				CLANG_WARN__DUPLICATE_METHOD_MATCH = YES;
				COPY_PHASE_STRIP = NO;
				DEBUG_INFORMATION_FORMAT = "dwarf-with-dsym";
				ENABLE_NS_ASSERTIONS = NO;
				ENABLE_STRICT_OBJC_MSGSEND = YES;
				GCC_C_LANGUAGE_STANDARD = gnu11;
				GCC_NO_COMMON_BLOCKS = YES;
				GCC_WARN_64_TO_32_BIT_CONVERSION = YES;
				GCC_WARN_ABOUT_RETURN_TYPE = YES_ERROR;
				GCC_WARN_UNDECLARED_SELECTOR = YES;
				GCC_WARN_UNINITIALIZED_AUTOS = YES_AGGRESSIVE;
				GCC_WARN_UNUSED_FUNCTION = YES;
				GCC_WARN_UNUSED_VARIABLE = YES;
				IPHONEOS_DEPLOYMENT_TARGET = 16.0;
				MTL_ENABLE_DEBUG_INFO = NO;
				MTL_FAST_MATH = YES;
				SDKROOT = iphoneos;
				SWIFT_COMPILATION_MODE = wholemodule;
				SWIFT_OPTIMIZATION_LEVEL = "-O";
				VALIDATE_PRODUCT = YES;
			};
			name = Release;
		};
		4F51217E291CD5F500457BC1 /* Debug */ = {
			isa = XCBuildConfiguration;
			buildSettings = {
				ASSETCATALOG_COMPILER_APPICON_NAME = AppIcon;
				ASSETCATALOG_COMPILER_GLOBAL_ACCENT_COLOR_NAME = AccentColor;
				CODE_SIGN_STYLE = Automatic;
				CURRENT_PROJECT_VERSION = 1;
				DEVELOPMENT_ASSET_PATHS = "\"AppStoreClone/Preview Content\"";
				DEVELOPMENT_TEAM = 2H7EM56K2Z;
				ENABLE_PREVIEWS = YES;
				GENERATE_INFOPLIST_FILE = YES;
				INFOPLIST_KEY_UIApplicationSceneManifest_Generation = YES;
				INFOPLIST_KEY_UIApplicationSupportsIndirectInputEvents = YES;
				INFOPLIST_KEY_UILaunchScreen_Generation = YES;
				INFOPLIST_KEY_UISupportedInterfaceOrientations_iPad = "UIInterfaceOrientationPortrait UIInterfaceOrientationPortraitUpsideDown UIInterfaceOrientationLandscapeLeft UIInterfaceOrientationLandscapeRight";
				INFOPLIST_KEY_UISupportedInterfaceOrientations_iPhone = "UIInterfaceOrientationPortrait UIInterfaceOrientationLandscapeLeft UIInterfaceOrientationLandscapeRight";
				LD_RUNPATH_SEARCH_PATHS = (
					"$(inherited)",
					"@executable_path/Frameworks",
				);
				MARKETING_VERSION = 1.0;
				PRODUCT_BUNDLE_IDENTIFIER = com.leeyuno.AppStoreClone;
				PRODUCT_NAME = "$(TARGET_NAME)";
				SWIFT_EMIT_LOC_STRINGS = YES;
				SWIFT_VERSION = 5.0;
				TARGETED_DEVICE_FAMILY = "1,2";
			};
			name = Debug;
		};
		4F51217F291CD5F500457BC1 /* Release */ = {
			isa = XCBuildConfiguration;
			buildSettings = {
				ASSETCATALOG_COMPILER_APPICON_NAME = AppIcon;
				ASSETCATALOG_COMPILER_GLOBAL_ACCENT_COLOR_NAME = AccentColor;
				CODE_SIGN_STYLE = Automatic;
				CURRENT_PROJECT_VERSION = 1;
				DEVELOPMENT_ASSET_PATHS = "\"AppStoreClone/Preview Content\"";
				DEVELOPMENT_TEAM = 2H7EM56K2Z;
				ENABLE_PREVIEWS = YES;
				GENERATE_INFOPLIST_FILE = YES;
				INFOPLIST_KEY_UIApplicationSceneManifest_Generation = YES;
				INFOPLIST_KEY_UIApplicationSupportsIndirectInputEvents = YES;
				INFOPLIST_KEY_UILaunchScreen_Generation = YES;
				INFOPLIST_KEY_UISupportedInterfaceOrientations_iPad = "UIInterfaceOrientationPortrait UIInterfaceOrientationPortraitUpsideDown UIInterfaceOrientationLandscapeLeft UIInterfaceOrientationLandscapeRight";
				INFOPLIST_KEY_UISupportedInterfaceOrientations_iPhone = "UIInterfaceOrientationPortrait UIInterfaceOrientationLandscapeLeft UIInterfaceOrientationLandscapeRight";
				LD_RUNPATH_SEARCH_PATHS = (
					"$(inherited)",
					"@executable_path/Frameworks",
				);
				MARKETING_VERSION = 1.0;
				PRODUCT_BUNDLE_IDENTIFIER = com.leeyuno.AppStoreClone;
				PRODUCT_NAME = "$(TARGET_NAME)";
				SWIFT_EMIT_LOC_STRINGS = YES;
				SWIFT_VERSION = 5.0;
				TARGETED_DEVICE_FAMILY = "1,2";
			};
			name = Release;
		};
		4F512181291CD5F500457BC1 /* Debug */ = {
			isa = XCBuildConfiguration;
			buildSettings = {
				ALWAYS_EMBED_SWIFT_STANDARD_LIBRARIES = YES;
				BUNDLE_LOADER = "$(TEST_HOST)";
				CODE_SIGN_STYLE = Automatic;
				CURRENT_PROJECT_VERSION = 1;
				DEVELOPMENT_TEAM = 2H7EM56K2Z;
				GENERATE_INFOPLIST_FILE = YES;
				IPHONEOS_DEPLOYMENT_TARGET = 16.0;
				MARKETING_VERSION = 1.0;
				PRODUCT_BUNDLE_IDENTIFIER = com.leeyuno.AppStoreCloneTests;
				PRODUCT_NAME = "$(TARGET_NAME)";
				SWIFT_EMIT_LOC_STRINGS = NO;
				SWIFT_VERSION = 5.0;
				TARGETED_DEVICE_FAMILY = "1,2";
				TEST_HOST = "$(BUILT_PRODUCTS_DIR)/AppStoreClone.app/$(BUNDLE_EXECUTABLE_FOLDER_PATH)/AppStoreClone";
			};
			name = Debug;
		};
		4F512182291CD5F500457BC1 /* Release */ = {
			isa = XCBuildConfiguration;
			buildSettings = {
				ALWAYS_EMBED_SWIFT_STANDARD_LIBRARIES = YES;
				BUNDLE_LOADER = "$(TEST_HOST)";
				CODE_SIGN_STYLE = Automatic;
				CURRENT_PROJECT_VERSION = 1;
				DEVELOPMENT_TEAM = 2H7EM56K2Z;
				GENERATE_INFOPLIST_FILE = YES;
				IPHONEOS_DEPLOYMENT_TARGET = 16.0;
				MARKETING_VERSION = 1.0;
				PRODUCT_BUNDLE_IDENTIFIER = com.leeyuno.AppStoreCloneTests;
				PRODUCT_NAME = "$(TARGET_NAME)";
				SWIFT_EMIT_LOC_STRINGS = NO;
				SWIFT_VERSION = 5.0;
				TARGETED_DEVICE_FAMILY = "1,2";
				TEST_HOST = "$(BUILT_PRODUCTS_DIR)/AppStoreClone.app/$(BUNDLE_EXECUTABLE_FOLDER_PATH)/AppStoreClone";
			};
			name = Release;
		};
		4F512184291CD5F500457BC1 /* Debug */ = {
			isa = XCBuildConfiguration;
			buildSettings = {
				ALWAYS_EMBED_SWIFT_STANDARD_LIBRARIES = YES;
				CODE_SIGN_STYLE = Automatic;
				CURRENT_PROJECT_VERSION = 1;
				DEVELOPMENT_TEAM = 2H7EM56K2Z;
				GENERATE_INFOPLIST_FILE = YES;
				MARKETING_VERSION = 1.0;
				PRODUCT_BUNDLE_IDENTIFIER = com.leeyuno.AppStoreCloneUITests;
				PRODUCT_NAME = "$(TARGET_NAME)";
				SWIFT_EMIT_LOC_STRINGS = NO;
				SWIFT_VERSION = 5.0;
				TARGETED_DEVICE_FAMILY = "1,2";
				TEST_TARGET_NAME = AppStoreClone;
			};
			name = Debug;
		};
		4F512185291CD5F500457BC1 /* Release */ = {
			isa = XCBuildConfiguration;
			buildSettings = {
				ALWAYS_EMBED_SWIFT_STANDARD_LIBRARIES = YES;
				CODE_SIGN_STYLE = Automatic;
				CURRENT_PROJECT_VERSION = 1;
				DEVELOPMENT_TEAM = 2H7EM56K2Z;
				GENERATE_INFOPLIST_FILE = YES;
				MARKETING_VERSION = 1.0;
				PRODUCT_BUNDLE_IDENTIFIER = com.leeyuno.AppStoreCloneUITests;
				PRODUCT_NAME = "$(TARGET_NAME)";
				SWIFT_EMIT_LOC_STRINGS = NO;
				SWIFT_VERSION = 5.0;
				TARGETED_DEVICE_FAMILY = "1,2";
				TEST_TARGET_NAME = AppStoreClone;
			};
			name = Release;
		};
/* End XCBuildConfiguration section */

/* Begin XCConfigurationList section */
		4F512154291CD5F200457BC1 /* Build configuration list for PBXProject "AppStoreClone" */ = {
			isa = XCConfigurationList;
			buildConfigurations = (
				4F51217B291CD5F500457BC1 /* Debug */,
				4F51217C291CD5F500457BC1 /* Release */,
			);
			defaultConfigurationIsVisible = 0;
			defaultConfigurationName = Release;
		};
		4F51217D291CD5F500457BC1 /* Build configuration list for PBXNativeTarget "AppStoreClone" */ = {
			isa = XCConfigurationList;
			buildConfigurations = (
				4F51217E291CD5F500457BC1 /* Debug */,
				4F51217F291CD5F500457BC1 /* Release */,
			);
			defaultConfigurationIsVisible = 0;
			defaultConfigurationName = Release;
		};
		4F512180291CD5F500457BC1 /* Build configuration list for PBXNativeTarget "AppStoreCloneTests" */ = {
			isa = XCConfigurationList;
			buildConfigurations = (
				4F512181291CD5F500457BC1 /* Debug */,
				4F512182291CD5F500457BC1 /* Release */,
			);
			defaultConfigurationIsVisible = 0;
			defaultConfigurationName = Release;
		};
		4F512183291CD5F500457BC1 /* Build configuration list for PBXNativeTarget "AppStoreCloneUITests" */ = {
			isa = XCConfigurationList;
			buildConfigurations = (
				4F512184291CD5F500457BC1 /* Debug */,
				4F512185291CD5F500457BC1 /* Release */,
			);
			defaultConfigurationIsVisible = 0;
			defaultConfigurationName = Release;
		};
/* End XCConfigurationList section */
	};
	rootObject = 4F512151291CD5F200457BC1 /* Project object */;
}
